
Microsoft Visual Studio Solution File, Format Version 12.00
# Visual Studio Version 16
VisualStudioVersion = 16.0.30804.86
MinimumVisualStudioVersion = 10.0.40219.1
Project("{FAE04EC0-301F-11D3-BF4B-00C04F79EFBC}") = "MyJsCommTool", "MyJsCommTool\MyJsCommTool.csproj", "{A827F147-C980-4293-85C7-8D69FD782CB6}"
EndProject
Project("{2150E333-8FDC-42A3-9474-1A3956D46DE8}") = "Solution Items", "Solution Items", "{021EE022-CD3F-4DF6-8D2B-609848BFD9EC}"
	ProjectSection(SolutionItems) = preProject
		CHANGELOG = CHANGELOG
		LICENSE = LICENSE
		README.en-US.md = README.en-US.md
		README.md = README.md
	EndProjectSection
EndProject
Global
	GlobalSection(SolutionConfigurationPlatforms) = preSolution
		Debug|Any CPU = Debug|Any CPU
		Release|Any CPU = Release|Any CPU
	EndGlobalSection
	GlobalSection(ProjectConfigurationPlatforms) = postSolution
		{A827F147-C980-4293-85C7-8D69FD782CB6}.Debug|Any CPU.ActiveCfg = Debug|Any CPU
		{A827F147-C980-4293-85C7-8D69FD782CB6}.Debug|Any CPU.Build.0 = Debug|Any CPU
		{A827F147-C980-4293-85C7-8D69FD782CB6}.Release|Any CPU.ActiveCfg = Release|Any CPU
		{A827F147-C980-4293-85C7-8D69FD782CB6}.Release|Any CPU.Build.0 = Release|Any CPU
	EndGlobalSection
	GlobalSection(SolutionProperties) = preSolution
		HideSolutionNode = FALSE
	EndGlobalSection
	GlobalSection(ExtensibilityGlobals) = postSolution
		SolutionGuid = {B6600BD5-C72F-4A1E-89AA-905114248E29}
	EndGlobalSection
EndGlobal
